
Microsoft Visual Studio Solution File, Format Version 12.00
# Visual Studio 14
VisualStudioVersion = 14.0.25420.1
MinimumVisualStudioVersion = 10.0.40219.1
Project("{FAE04EC0-301F-11D3-BF4B-00C04F79EFBC}") = "View", "View\View.csproj", "{9408F8D1-E7EB-4A41-8C8B-2193DE115D87}"
EndProject
Project("{FAE04EC0-301F-11D3-BF4B-00C04F79EFBC}") = "Controller", "Controller\Controller.csproj", "{850A33F7-1464-437E-BFD7-8EDE1156ED5C}"
EndProject
Project("{FAE04EC0-301F-11D3-BF4B-00C04F79EFBC}") = "DataAccess", "DataAccess\DataAccess.csproj", "{59672969-097D-42CB-8BF1-88DD5FBC86BF}"
EndProject
Project("{FAE04EC0-301F-11D3-BF4B-00C04F79EFBC}") = "Model", "Model\Model.csproj", "{F9CE4589-724F-4D9D-937E-C7ACE42BEB0F}"
EndProject
Global
	GlobalSection(SolutionConfigurationPlatforms) = preSolution
		Debug|Any CPU = Debug|Any CPU
		Release|Any CPU = Release|Any CPU
	EndGlobalSection
	GlobalSection(ProjectConfigurationPlatforms) = postSolution
		{9408F8D1-E7EB-4A41-8C8B-2193DE115D87}.Debug|Any CPU.ActiveCfg = Debug|Any CPU
		{9408F8D1-E7EB-4A41-8C8B-2193DE115D87}.Debug|Any CPU.Build.0 = Debug|Any CPU
		{9408F8D1-E7EB-4A41-8C8B-2193DE115D87}.Release|Any CPU.ActiveCfg = Release|Any CPU
		{9408F8D1-E7EB-4A41-8C8B-2193DE115D87}.Release|Any CPU.Build.0 = Release|Any CPU
		{850A33F7-1464-437E-BFD7-8EDE1156ED5C}.Debug|Any CPU.ActiveCfg = Debug|Any CPU
		{850A33F7-1464-437E-BFD7-8EDE1156ED5C}.Debug|Any CPU.Build.0 = Debug|Any CPU
		{850A33F7-1464-437E-BFD7-8EDE1156ED5C}.Release|Any CPU.ActiveCfg = Release|Any CPU
		{850A33F7-1464-437E-BFD7-8EDE1156ED5C}.Release|Any CPU.Build.0 = Release|Any CPU
		{59672969-097D-42CB-8BF1-88DD5FBC86BF}.Debug|Any CPU.ActiveCfg = Debug|Any CPU
		{59672969-097D-42CB-8BF1-88DD5FBC86BF}.Debug|Any CPU.Build.0 = Debug|Any CPU
		{59672969-097D-42CB-8BF1-88DD5FBC86BF}.Release|Any CPU.ActiveCfg = Release|Any CPU
		{59672969-097D-42CB-8BF1-88DD5FBC86BF}.Release|Any CPU.Build.0 = Release|Any CPU
		{F9CE4589-724F-4D9D-937E-C7ACE42BEB0F}.Debug|Any CPU.ActiveCfg = Debug|Any CPU
		{F9CE4589-724F-4D9D-937E-C7ACE42BEB0F}.Debug|Any CPU.Build.0 = Debug|Any CPU
		{F9CE4589-724F-4D9D-937E-C7ACE42BEB0F}.Release|Any CPU.ActiveCfg = Release|Any CPU
		{F9CE4589-724F-4D9D-937E-C7ACE42BEB0F}.Release|Any CPU.Build.0 = Release|Any CPU
	EndGlobalSection
	GlobalSection(SolutionProperties) = preSolution
		HideSolutionNode = FALSE
	EndGlobalSection
EndGlobal
